// !$*UTF8*$!
{
	archiveVersion = 1;
	classes = {
	};
	objectVersion = 50;
	objects = {

/* Begin PBXBuildFile section */
		B78C72C024A2F4E2006C0540 /* AppDelegate.swift in Sources */ = {isa = PBXBuildFile; fileRef = B78C72BF24A2F4E2006C0540 /* AppDelegate.swift */; };
		B78C72C224A2F4E2006C0540 /* SceneDelegate.swift in Sources */ = {isa = PBXBuildFile; fileRef = B78C72C124A2F4E2006C0540 /* SceneDelegate.swift */; };
		B78C72C424A2F4E2006C0540 /* ViewController.swift in Sources */ = {isa = PBXBuildFile; fileRef = B78C72C324A2F4E2006C0540 /* ViewController.swift */; };
		B78C72C724A2F4E2006C0540 /* Main.storyboard in Resources */ = {isa = PBXBuildFile; fileRef = B78C72C524A2F4E2006C0540 /* Main.storyboard */; };
		B78C72C924A2F4E4006C0540 /* Assets.xcassets in Resources */ = {isa = PBXBuildFile; fileRef = B78C72C824A2F4E4006C0540 /* Assets.xcassets */; };
		B78C72CC24A2F4E4006C0540 /* LaunchScreen.storyboard in Resources */ = {isa = PBXBuildFile; fileRef = B78C72CA24A2F4E4006C0540 /* LaunchScreen.storyboard */; };
/* End PBXBuildFile section */

/* Begin PBXFileReference section */
		B78C72BC24A2F4E2006C0540 /* APICheck.app */ = {isa = PBXFileReference; explicitFileType = wrapper.application; includeInIndex = 0; path = APICheck.app; sourceTree = BUILT_PRODUCTS_DIR; };
		B78C72BF24A2F4E2006C0540 /* AppDelegate.swift */ = {isa = PBXFileReference; lastKnownFileType = sourcecode.swift; path = AppDelegate.swift; sourceTree = "<group>"; };
		B78C72C124A2F4E2006C0540 /* SceneDelegate.swift */ = {isa = PBXFileReference; lastKnownFileType = sourcecode.swift; path = SceneDelegate.swift; sourceTree = "<group>"; };
		B78C72C324A2F4E2006C0540 /* ViewController.swift */ = {isa = PBXFileReference; lastKnownFileType = sourcecode.swift; path = ViewController.swift; sourceTree = "<group>"; };
		B78C72C624A2F4E2006C0540 /* Base */ = {isa = PBXFileReference; lastKnownFileType = file.storyboard; name = Base; path = Base.lproj/Main.storyboard; sourceTree = "<group>"; };
		B78C72C824A2F4E4006C0540 /* Assets.xcassets */ = {isa = PBXFileReference; lastKnownFileType = folder.assetcatalog; path = Assets.xcassets; sourceTree = "<group>"; };
		B78C72CB24A2F4E4006C0540 /* Base */ = {isa = PBXFileReference; lastKnownFileType = file.storyboard; name = Base; path = Base.lproj/LaunchScreen.storyboard; sourceTree = "<group>"; };
		B78C72CD24A2F4E4006C0540 /* Info.plist */ = {isa = PBXFileReference; lastKnownFileType = text.plist.xml; path = Info.plist; sourceTree = "<group>"; };
/* End PBXFileReference section */

/* Begin PBXFrameworksBuildPhase section */
		B78C72B924A2F4E2006C0540 /* Frameworks */ = {
			isa = PBXFrameworksBuildPhase;
			buildActionMask = 2147483647;
			files = (
			);
			runOnlyForDeploymentPostprocessing = 0;
		};
/* End PBXFrameworksBuildPhase section */

/* Begin PBXGroup section */
		B78C72B324A2F4E2006C0540 = {
			isa = PBXGroup;
			children = (
				B78C72BE24A2F4E2006C0540 /* APICheck */,
				B78C72BD24A2F4E2006C0540 /* Products */,
			);
			sourceTree = "<group>";
		};
		B78C72BD24A2F4E2006C0540 /* Products */ = {
			isa = PBXGroup;
			children = (
				B78C72BC24A2F4E2006C0540 /* APICheck.app */,
			);
			name = Products;
			sourceTree = "<group>";
		};
		B78C72BE24A2F4E2006C0540 /* APICheck */ = {
			isa = PBXGroup;
			children = (
				B78C72BF24A2F4E2006C0540 /* AppDelegate.swift */,
				B78C72C124A2F4E2006C0540 /* SceneDelegate.swift */,
				B78C72C324A2F4E2006C0540 /* ViewController.swift */,
				B78C72C524A2F4E2006C0540 /* Main.storyboard */,
				B78C72C824A2F4E4006C0540 /* Assets.xcassets */,
				B78C72CA24A2F4E4006C0540 /* LaunchScreen.storyboard */,
				B78C72CD24A2F4E4006C0540 /* Info.plist */,
			);
			path = APICheck;
			sourceTree = "<group>";
		};
/* End PBXGroup section */

/* Begin PBXNativeTarget section */
		B78C72BB24A2F4E2006C0540 /* APICheck */ = {
			isa = PBXNativeTarget;
			buildConfigurationList = B78C72D024A2F4E4006C0540 /* Build configuration list for PBXNativeTarget "APICheck" */;
			buildPhases = (
				B78C72B824A2F4E2006C0540 /* Sources */,
				B78C72B924A2F4E2006C0540 /* Frameworks */,
				B78C72BA24A2F4E2006C0540 /* Resources */,
			);
			buildRules = (
			);
			dependencies = (
			);
			name = APICheck;
			productName = APICheck;
			productReference = B78C72BC24A2F4E2006C0540 /* APICheck.app */;
			productType = "com.apple.product-type.application";
		};
/* End PBXNativeTarget section */

/* Begin PBXProject section */
		B78C72B424A2F4E2006C0540 /* Project object */ = {
			isa = PBXProject;
			attributes = {
				LastSwiftUpdateCheck = 1150;
				LastUpgradeCheck = 1150;
				ORGANIZATIONNAME = Grasepta;
				TargetAttributes = {
					B78C72BB24A2F4E2006C0540 = {
						CreatedOnToolsVersion = 11.5;
					};
				};
			};
			buildConfigurationList = B78C72B724A2F4E2006C0540 /* Build configuration list for PBXProject "APICheck" */;
			compatibilityVersion = "Xcode 9.3";
			developmentRegion = en;
			hasScannedForEncodings = 0;
			knownRegions = (
				en,
				Base,
			);
			mainGroup = B78C72B324A2F4E2006C0540;
			productRefGroup = B78C72BD24A2F4E2006C0540 /* Products */;
			projectDirPath = "";
			projectRoot = "";
			targets = (
				B78C72BB24A2F4E2006C0540 /* APICheck */,
			);
		};
/* End PBXProject section */

/* Begin PBXResourcesBuildPhase section */
		B78C72BA24A2F4E2006C0540 /* Resources */ = {
			isa = PBXResourcesBuildPhase;
			buildActionMask = 2147483647;
			files = (
				B78C72CC24A2F4E4006C0540 /* LaunchScreen.storyboard in Resources */,
				B78C72C924A2F4E4006C0540 /* Assets.xcassets in Resources */,
				B78C72C724A2F4E2006C0540 /* Main.storyboard in Resources */,
			);
			runOnlyForDeploymentPostprocessing = 0;
		};
/* End PBXResourcesBuildPhase section */

/* Begin PBXSourcesBuildPhase section */
		B78C72B824A2F4E2006C0540 /* Sources */ = {
			isa = PBXSourcesBuildPhase;
			buildActionMask = 2147483647;
			files = (
				B78C72C424A2F4E2006C0540 /* ViewController.swift in Sources */,
				B78C72C024A2F4E2006C0540 /* AppDelegate.swift in Sources */,
				B78C72C224A2F4E2006C0540 /* SceneDelegate.swift in Sources */,
			);
			runOnlyForDeploymentPostprocessing = 0;
		};
/* End PBXSourcesBuildPhase section */

/* Begin PBXVariantGroup section */
		B78C72C524A2F4E2006C0540 /* Main.storyboard */ = {
			isa = PBXVariantGroup;
			children = (
				B78C72C624A2F4E2006C0540 /* Base */,
			);
			name = Main.storyboard;
			sourceTree = "<group>";
		};
		B78C72CA24A2F4E4006C0540 /* LaunchScreen.storyboard */ = {
			isa = PBXVariantGroup;
			children = (
				B78C72CB24A2F4E4006C0540 /* Base */,
			);
			name = LaunchScreen.storyboard;
			sourceTree = "<group>";
		};
/* End PBXVariantGroup section */

/* Begin XCBuildConfiguration section */
		B78C72CE24A2F4E4006C0540 /* Debug */ = {
			isa = XCBuildConfiguration;
			buildSettings = {
				ALWAYS_SEARCH_USER_PATHS = NO;
				CLANG_ANALYZER_NONNULL = YES;
				CLANG_ANALYZER_NUMBER_OBJECT_CONVERSION = YES_AGGRESSIVE;
				CLANG_CXX_LANGUAGE_STANDARD = "gnu++14";
				CLANG_CXX_LIBRARY = "libc++";
				CLANG_ENABLE_MODULES = YES;
				CLANG_ENABLE_OBJC_ARC = YES;
				CLANG_ENABLE_OBJC_WEAK = YES;
				CLANG_WARN_BLOCK_CAPTURE_AUTORELEASING = YES;
				CLANG_WARN_BOOL_CONVERSION = YES;
				CLANG_WARN_COMMA = YES;
				CLANG_WARN_CONSTANT_CONVERSION = YES;
				CLANG_WARN_DEPRECATED_OBJC_IMPLEMENTATIONS = YES;
				CLANG_WARN_DIRECT_OBJC_ISA_USAGE = YES_ERROR;
				CLANG_WARN_DOCUMENTATION_COMMENTS = YES;
				CLANG_WARN_EMPTY_BODY = YES;
				CLANG_WARN_ENUM_CONVERSION = YES;
				CLANG_WARN_INFINITE_RECURSION = YES;
				CLANG_WARN_INT_CONVERSION = YES;
				CLANG_WARN_NON_LITERAL_NULL_CONVERSION = YES;
				CLANG_WARN_OBJC_IMPLICIT_RETAIN_SELF = YES;
				CLANG_WARN_OBJC_LITERAL_CONVERSION = YES;
				CLANG_WARN_OBJC_ROOT_CLASS = YES_ERROR;
				CLANG_WARN_RANGE_LOOP_ANALYSIS = YES;
				CLANG_WARN_STRICT_PROTOTYPES = YES;
				CLANG_WARN_SUSPICIOUS_MOVE = YES;
				CLANG_WARN_UNGUARDED_AVAILABILITY = YES_AGGRESSIVE;
				CLANG_WARN_UNREACHABLE_CODE = YES;
				CLANG_WARN__DUPLICATE_METHOD_MATCH = YES;
				COPY_PHASE_STRIP = NO;
				DEBUG_INFORMATION_FORMAT = dwarf;
				ENABLE_STRICT_OBJC_MSGSEND = YES;
				ENABLE_TESTABILITY = YES;
				GCC_C_LANGUAGE_STANDARD = gnu11;
				GCC_DYNAMIC_NO_PIC = NO;
				GCC_NO_COMMON_BLOCKS = YES;
				GCC_OPTIMIZATION_LEVEL = 0;
				GCC_PREPROCESSOR_DEFINITIONS = (
					"DEBUG=1",
					"$(inherited)",
				);
				GCC_WARN_64_TO_32_BIT_CONVERSION = YES;
				GCC_WARN_ABOUT_RETURN_TYPE = YES_ERROR;
				GCC_WARN_UNDECLARED_SELECTOR = YES;
				GCC_WARN_UNINITIALIZED_AUTOS = YES_AGGRESSIVE;
				GCC_WARN_UNUSED_FUNCTION = YES;
				GCC_WARN_UNUSED_VARIABLE = YES;
				IPHONEOS_DEPLOYMENT_TARGET = 13.5;
				MTL_ENABLE_DEBUG_INFO = INCLUDE_SOURCE;
				MTL_FAST_MATH = YES;
				ONLY_ACTIVE_ARCH = YES;
				SDKROOT = iphoneos;
				SWIFT_ACTIVE_COMPILATION_CONDITIONS = DEBUG;
				SWIFT_OPTIMIZATION_LEVEL = "-Onone";
			};
			name = Debug;
		};
		B78C72CF24A2F4E4006C0540 /* Release */ = {
			isa = XCBuildConfiguration;
			buildSettings = {
				ALWAYS_SEARCH_USER_PATHS = NO;
				CLANG_ANALYZER_NONNULL = YES;
				CLANG_ANALYZER_NUMBER_OBJECT_CONVERSION = YES_AGGRESSIVE;
				CLANG_CXX_LANGUAGE_STANDARD = "gnu++14";
				CLANG_CXX_LIBRARY = "libc++";
				CLANG_ENABLE_MODULES = YES;
				CLANG_ENABLE_OBJC_ARC = YES;
				CLANG_ENABLE_OBJC_WEAK = YES;
				CLANG_WARN_BLOCK_CAPTURE_AUTORELEASING = YES;
				CLANG_WARN_BOOL_CONVERSION = YES;
				CLANG_WARN_COMMA = YES;
				CLANG_WARN_CONSTANT_CONVERSION = YES;
				CLANG_WARN_DEPRECATED_OBJC_IMPLEMENTATIONS = YES;
				CLANG_WARN_DIRECT_OBJC_ISA_USAGE = YES_ERROR;
				CLANG_WARN_DOCUMENTATION_COMMENTS = YES;
				CLANG_WARN_EMPTY_BODY = YES;
				CLANG_WARN_ENUM_CONVERSION = YES;
				CLANG_WARN_INFINITE_RECURSION = YES;
				CLANG_WARN_INT_CONVERSION = YES;
				CLANG_WARN_NON_LITERAL_NULL_CONVERSION = YES;
				CLANG_WARN_OBJC_IMPLICIT_RETAIN_SELF = YES;
				CLANG_WARN_OBJC_LITERAL_CONVERSION = YES;
				CLANG_WARN_OBJC_ROOT_CLASS = YES_ERROR;
				CLANG_WARN_RANGE_LOOP_ANALYSIS = YES;
				CLANG_WARN_STRICT_PROTOTYPES = YES;
				CLANG_WARN_SUSPICIOUS_MOVE = YES;
				CLANG_WARN_UNGUARDED_AVAILABILITY = YES_AGGRESSIVE;
				CLANG_WARN_UNREACHABLE_CODE = YES;
				CLANG_WARN__DUPLICATE_METHOD_MATCH = YES;
				COPY_PHASE_STRIP = NO;
				DEBUG_INFORMATION_FORMAT = "dwarf-with-dsym";
				ENABLE_NS_ASSERTIONS = NO;
				ENABLE_STRICT_OBJC_MSGSEND = YES;
				GCC_C_LANGUAGE_STANDARD = gnu11;
				GCC_NO_COMMON_BLOCKS = YES;
				GCC_WARN_64_TO_32_BIT_CONVERSION = YES;
				GCC_WARN_ABOUT_RETURN_TYPE = YES_ERROR;
				GCC_WARN_UNDECLARED_SELECTOR = YES;
				GCC_WARN_UNINITIALIZED_AUTOS = YES_AGGRESSIVE;
				GCC_WARN_UNUSED_FUNCTION = YES;
				GCC_WARN_UNUSED_VARIABLE = YES;
				IPHONEOS_DEPLOYMENT_TARGET = 13.5;
				MTL_ENABLE_DEBUG_INFO = NO;
				MTL_FAST_MATH = YES;
				SDKROOT = iphoneos;
				SWIFT_COMPILATION_MODE = wholemodule;
				SWIFT_OPTIMIZATION_LEVEL = "-O";
				VALIDATE_PRODUCT = YES;
			};
			name = Release;
		};
		B78C72D124A2F4E4006C0540 /* Debug */ = {
			isa = XCBuildConfiguration;
			buildSettings = {
				ASSETCATALOG_COMPILER_APPICON_NAME = AppIcon;
				CODE_SIGN_STYLE = Automatic;
				DEVELOPMENT_TEAM = TDW74H22G3;
				INFOPLIST_FILE = APICheck/Info.plist;
				LD_RUNPATH_SEARCH_PATHS = (
					"$(inherited)",
					"@executable_path/Frameworks",
				);
				PRODUCT_BUNDLE_IDENTIFIER = Grasepta.APICheck;
				PRODUCT_NAME = "$(TARGET_NAME)";
				SWIFT_VERSION = 5.0;
				TARGETED_DEVICE_FAMILY = "1,2";
			};
			name = Debug;
		};
		B78C72D224A2F4E4006C0540 /* Release */ = {
			isa = XCBuildConfiguration;
			buildSettings = {
				ASSETCATALOG_COMPILER_APPICON_NAME = AppIcon;
				CODE_SIGN_STYLE = Automatic;
				DEVELOPMENT_TEAM = TDW74H22G3;
				INFOPLIST_FILE = APICheck/Info.plist;
				LD_RUNPATH_SEARCH_PATHS = (
					"$(inherited)",
					"@executable_path/Frameworks",
				);
				PRODUCT_BUNDLE_IDENTIFIER = Grasepta.APICheck;
				PRODUCT_NAME = "$(TARGET_NAME)";
				SWIFT_VERSION = 5.0;
				TARGETED_DEVICE_FAMILY = "1,2";
			};
			name = Release;
		};
/* End XCBuildConfiguration section */

/* Begin XCConfigurationList section */
		B78C72B724A2F4E2006C0540 /* Build configuration list for PBXProject "APICheck" */ = {
			isa = XCConfigurationList;
			buildConfigurations = (
				B78C72CE24A2F4E4006C0540 /* Debug */,
				B78C72CF24A2F4E4006C0540 /* Release */,
			);
			defaultConfigurationIsVisible = 0;
			defaultConfigurationName = Release;
		};
		B78C72D024A2F4E4006C0540 /* Build configuration list for PBXNativeTarget "APICheck" */ = {
			isa = XCConfigurationList;
			buildConfigurations = (
				B78C72D124A2F4E4006C0540 /* Debug */,
				B78C72D224A2F4E4006C0540 /* Release */,
			);
			defaultConfigurationIsVisible = 0;
			defaultConfigurationName = Release;
		};
/* End XCConfigurationList section */
	};
	rootObject = B78C72B424A2F4E2006C0540 /* Project object */;
}
